{
  "requires": true,
  "lockfileVersion": 1,
  "dependencies": {
    "featherlight": {
      "version": "1.7.8",
      "resolved": "https://registry.npmjs.org/featherlight/-/featherlight-1.7.8.tgz",
      "integrity": "sha1-FepoAlOWRYQ2ptbLAOjliy4vmEY="
    },
    "jquery": {
      "version": "3.2.1",
      "resolved": "https://registry.npmjs.org/jquery/-/jquery-3.2.1.tgz",
      "integrity": "sha1-XE2d5lKvbNCncBVKYxu6ErAVx4c="
    }
  }
}
